
Microsoft Visual Studio Solution File, Format Version 12.00
# Visual Studio Version 16
VisualStudioVersion = 16.0.30804.86
MinimumVisualStudioVersion = 10.0.40219.1
Project("{FAE04EC0-301F-11D3-BF4B-00C04F79EFBC}") = "WebApplication", "WebApplication\WebApplication.csproj", "{46BB6AD1-67A6-4992-9803-3A8F3F1931D9}"
EndProject
Global
	GlobalSection(SolutionConfigurationPlatforms) = preSolution
		Debug|Any CPU = Debug|Any CPU
		Release|Any CPU = Release|Any CPU
	EndGlobalSection
	GlobalSection(ProjectConfigurationPlatforms) = postSolution
		{46BB6AD1-67A6-4992-9803-3A8F3F1931D9}.Debug|Any CPU.ActiveCfg = Debug|Any CPU
		{46BB6AD1-67A6-4992-9803-3A8F3F1931D9}.Debug|Any CPU.Build.0 = Debug|Any CPU
		{46BB6AD1-67A6-4992-9803-3A8F3F1931D9}.Release|Any CPU.ActiveCfg = Release|Any CPU
		{46BB6AD1-67A6-4992-9803-3A8F3F1931D9}.Release|Any CPU.Build.0 = Release|Any CPU
	EndGlobalSection
	GlobalSection(SolutionProperties) = preSolution
		HideSolutionNode = FALSE
	EndGlobalSection
	GlobalSection(ExtensibilityGlobals) = postSolution
		SolutionGuid = {EFBBD263-4B12-413A-8FD1-F5823873D5EE}
	EndGlobalSection
EndGlobal
